
Microsoft Visual Studio Solution File, Format Version 12.00
# Visual Studio Version 16
VisualStudioVersion = 16.0.29709.97
MinimumVisualStudioVersion = 10.0.40219.1
Project("{FAE04EC0-301F-11D3-BF4B-00C04F79EFBC}") = "WGU.C968.InventoryManagement", "WGU.C968.InventoryManagement\WGU.C968.InventoryManagement.csproj", "{BDF926DC-9B4D-44E3-893A-25DC6681E924}"
EndProject
Global
	GlobalSection(SolutionConfigurationPlatforms) = preSolution
		Debug|Any CPU = Debug|Any CPU
		Release|Any CPU = Release|Any CPU
	EndGlobalSection
	GlobalSection(ProjectConfigurationPlatforms) = postSolution
		{BDF926DC-9B4D-44E3-893A-25DC6681E924}.Debug|Any CPU.ActiveCfg = Debug|Any CPU
		{BDF926DC-9B4D-44E3-893A-25DC6681E924}.Debug|Any CPU.Build.0 = Debug|Any CPU
		{BDF926DC-9B4D-44E3-893A-25DC6681E924}.Release|Any CPU.ActiveCfg = Release|Any CPU
		{BDF926DC-9B4D-44E3-893A-25DC6681E924}.Release|Any CPU.Build.0 = Release|Any CPU
	EndGlobalSection
	GlobalSection(SolutionProperties) = preSolution
		HideSolutionNode = FALSE
	EndGlobalSection
	GlobalSection(ExtensibilityGlobals) = postSolution
		SolutionGuid = {AD88043C-0278-4416-A9CA-DFFE4C8902C3}
	EndGlobalSection
EndGlobal
